{
    "lockfile_version": "1.0",
    "created_at": "2025-10-02T16:45:39.291255-04:00",
    "invocation": {
        "command": "tb",
        "args": [
            "run",
            "--agent",
            "oracle",
            "--task-id",
            "vaibhav-chauthe-10-02-2025",
            "--log-level",
            "debug"
        ]
    },
    "harness": {
        "package": "terminal-bench",
        "version": "0.2.18",
        "is_editable_installation": true
    },
    "agent": {
        "name": "oracle",
        "import_path": "terminal_bench.agents.oracle_agent:OracleAgent",
        "model_name": "Oracle",
        "extra_kwargs": {
            "no_rebuild": false
        }
    },
    "run_config": {
        "log_level": "debug",
        "livestream": false,
        "n_concurrent_trials": 4,
        "n_attempts": 1,
        "no_rebuild": false,
        "cleanup": true,
        "global_timeout_multiplier": 1.0,
        "global_agent_timeout_sec": null,
        "global_test_timeout_sec": null
    },
    "dataset": {
        "name": null,
        "version": null,
        "local_path": "C:\\Users\\vaibh\\Downloads\\AfterQuery\\tasks",
        "task_ids": [
            "vaibhav-chauthe-10-02-2025"
        ],
        "registry_url": null,
        "local_registry_path": null
    },
    "local_config": {
        "output_path": "runs",
        "run_id": "2025-10-02__16-45-39",
        "upload_results": false
    }
}